
Microsoft Visual Studio Solution File, Format Version 12.00
# Visual Studio Version 17
VisualStudioVersion = 17.9.34616.47
MinimumVisualStudioVersion = 10.0.40219.1
Project("{9A19103F-16F7-4668-BE54-9A1E7A4F7556}") = "VillogoGomb", "VillogoGomb\VillogoGomb.csproj", "{5658DA96-F8B0-4F3F-A63E-6C2F57F6375C}"
EndProject
Project("{9A19103F-16F7-4668-BE54-9A1E7A4F7556}") = "3.4feladat", "3.4feladat\3.4feladat.csproj", "{447ACDD4-A8D8-43E5-BCB0-4C8C28C016B7}"
EndProject
Project("{FAE04EC0-301F-11D3-BF4B-00C04F79EFBC}") = "hajos_kviz", "hajos_kviz\hajos_kviz.csproj", "{B58E8E2E-0EB8-43B7-9C02-E1F89E8005C3}"
EndProject
Global
	GlobalSection(SolutionConfigurationPlatforms) = preSolution
		Debug|Any CPU = Debug|Any CPU
		Release|Any CPU = Release|Any CPU
	EndGlobalSection
	GlobalSection(ProjectConfigurationPlatforms) = postSolution
		{5658DA96-F8B0-4F3F-A63E-6C2F57F6375C}.Debug|Any CPU.ActiveCfg = Debug|Any CPU
		{5658DA96-F8B0-4F3F-A63E-6C2F57F6375C}.Debug|Any CPU.Build.0 = Debug|Any CPU
		{5658DA96-F8B0-4F3F-A63E-6C2F57F6375C}.Release|Any CPU.ActiveCfg = Release|Any CPU
		{5658DA96-F8B0-4F3F-A63E-6C2F57F6375C}.Release|Any CPU.Build.0 = Release|Any CPU
		{447ACDD4-A8D8-43E5-BCB0-4C8C28C016B7}.Debug|Any CPU.ActiveCfg = Debug|Any CPU
		{447ACDD4-A8D8-43E5-BCB0-4C8C28C016B7}.Debug|Any CPU.Build.0 = Debug|Any CPU
		{447ACDD4-A8D8-43E5-BCB0-4C8C28C016B7}.Release|Any CPU.ActiveCfg = Release|Any CPU
		{447ACDD4-A8D8-43E5-BCB0-4C8C28C016B7}.Release|Any CPU.Build.0 = Release|Any CPU
		{B58E8E2E-0EB8-43B7-9C02-E1F89E8005C3}.Debug|Any CPU.ActiveCfg = Debug|Any CPU
		{B58E8E2E-0EB8-43B7-9C02-E1F89E8005C3}.Debug|Any CPU.Build.0 = Debug|Any CPU
		{B58E8E2E-0EB8-43B7-9C02-E1F89E8005C3}.Release|Any CPU.ActiveCfg = Release|Any CPU
		{B58E8E2E-0EB8-43B7-9C02-E1F89E8005C3}.Release|Any CPU.Build.0 = Release|Any CPU
	EndGlobalSection
	GlobalSection(SolutionProperties) = preSolution
		HideSolutionNode = FALSE
	EndGlobalSection
	GlobalSection(ExtensibilityGlobals) = postSolution
		SolutionGuid = {D625F679-AD90-4CE8-991E-F188A0A15B08}
	EndGlobalSection
EndGlobal
